<?xml version="1.0" encoding="UTF-8" standalone="yes" ?>
<CodeBlocks_project_file>
	<FileVersion major="1" minor="6" />
	<Project>
		<Option title="OS" />
		<Option pch_mode="2" />
		<Option compiler="gcc" />
		<Build>
			<Target title="Debug">
				<Option output="bin/Debug/OS" prefix_auto="1" extension_auto="1" />
				<Option object_output="obj/Debug/" />
				<Option type="1" />
				<Option compiler="gcc" />
				<Compiler>
					<Add option="-g" />
					<Add directory="include" />
				</Compiler>
			</Target>
			<Target title="Release">
				<Option output="bin/Release/OS" prefix_auto="1" extension_auto="1" />
				<Option object_output="obj/Release/" />
				<Option type="1" />
				<Option compiler="gcc" />
				<Compiler>
					<Add option="-O2" />
					<Add directory="include" />
				</Compiler>
				<Linker>
					<Add option="-s" />
				</Linker>
			</Target>
		</Build>
		<Compiler>
			<Add option="-Wall" />
		</Compiler>
		<Unit filename="include/C_Version.h" />
		<Unit filename="include/Command.h" />
		<Unit filename="include/CommandList.h" />
		<Unit filename="include/CommandTable.h" />
		<Unit filename="include/Execution.h" />
		<Unit filename="include/Globals.h" />
		<Unit filename="include/Interface.h" />
		<Unit filename="include/PCB.h" />
		<Unit filename="include/cAliasing.h" />
		<Unit filename="include/cBatch.h" />
		<Unit filename="include/cBlock.h" />
		<Unit filename="include/cCreatePCB.h" />
		<Unit filename="include/cDate.h" />
		<Unit filename="include/cDeletePCB.h" />
		<Unit filename="include/cDirectory.h" />
		<Unit filename="include/cExit.h" />
		<Unit filename="include/cGeneratePCB.h" />
		<Unit filename="include/cHelp.h" />
		<Unit filename="include/cHistory.h" />
		<Unit filename="include/cMLFQ.h" />
		<Unit filename="include/cRobin.h" />
		<Unit filename="include/cRoundRobinRandom.h" />
		<Unit filename="include/cRunAll.h" />
		<Unit filename="include/cShowAll.h" />
		<Unit filename="include/cShowBlocked.h" />
		<Unit filename="include/cShowPCB.h" />
		<Unit filename="include/cShowReady.h" />
		<Unit filename="include/cUnblock.h" />
		<Unit filename="include/cVersion.h" />
		<Unit filename="src/C_Version.cpp" />
		<Unit filename="src/Command.cpp" />
		<Unit filename="src/CommandList.cpp" />
		<Unit filename="src/CommandTable.cpp" />
		<Unit filename="src/Execution.cpp" />
		<Unit filename="src/Globals.cpp" />
		<Unit filename="src/Interface.cpp" />
		<Unit filename="src/PCB.cpp" />
		<Unit filename="src/cAliasing.cpp" />
		<Unit filename="src/cBatch.cpp" />
		<Unit filename="src/cBlock.cpp" />
		<Unit filename="src/cCreatePCB.cpp" />
		<Unit filename="src/cDate.cpp" />
		<Unit filename="src/cDeletePCB.cpp" />
		<Unit filename="src/cDirectory.cpp" />
		<Unit filename="src/cExit.cpp" />
		<Unit filename="src/cGeneratePCB.cpp" />
		<Unit filename="src/cHelp.cpp" />
		<Unit filename="src/cHistory.cpp" />
		<Unit filename="src/cMLFQ.cpp" />
		<Unit filename="src/cRobin.cpp" />
		<Unit filename="src/cRoundRobinRandom.cpp" />
		<Unit filename="src/cRunAll.cpp" />
		<Unit filename="src/cShowAll.cpp" />
		<Unit filename="src/cShowBlocked.cpp" />
		<Unit filename="src/cShowPCB.cpp" />
		<Unit filename="src/cShowReady.cpp" />
		<Unit filename="src/cUnblock.cpp" />
		<Unit filename="src/cVersion.cpp" />
		<Unit filename="src/main.cpp" />
		<Extensions>
			<code_completion />
			<envvars />
			<debugger />
			<lib_finder disable_auto="1" />
		</Extensions>
	</Project>
</CodeBlocks_project_file>
